
Microsoft Visual Studio Solution File, Format Version 12.00
# Visual Studio 2013
VisualStudioVersion = 12.0.31101.0
MinimumVisualStudioVersion = 10.0.40219.1
Project("{FAE04EC0-301F-11D3-BF4B-00C04F79EFBC}") = "Project", "Project\Project.csproj", "{0458D28E-A7CB-4140-AF74-041304966A21}"
EndProject
Project("{FAE04EC0-301F-11D3-BF4B-00C04F79EFBC}") = "BL", "BL\BL.csproj", "{9B334B9A-BEEA-4F8D-A5BE-0BA784FBE855}"
EndProject
Project("{FAE04EC0-301F-11D3-BF4B-00C04F79EFBC}") = "UnitTestProject1", "UnitTestProject1\UnitTestProject1.csproj", "{94D86E76-3091-4F86-8036-1491925DE748}"
EndProject
Global
	GlobalSection(SolutionConfigurationPlatforms) = preSolution
		Debug|Any CPU = Debug|Any CPU
		Release|Any CPU = Release|Any CPU
	EndGlobalSection
	GlobalSection(ProjectConfigurationPlatforms) = postSolution
		{0458D28E-A7CB-4140-AF74-041304966A21}.Debug|Any CPU.ActiveCfg = Debug|Any CPU
		{0458D28E-A7CB-4140-AF74-041304966A21}.Debug|Any CPU.Build.0 = Debug|Any CPU
		{0458D28E-A7CB-4140-AF74-041304966A21}.Release|Any CPU.ActiveCfg = Release|Any CPU
		{0458D28E-A7CB-4140-AF74-041304966A21}.Release|Any CPU.Build.0 = Release|Any CPU
		{9B334B9A-BEEA-4F8D-A5BE-0BA784FBE855}.Debug|Any CPU.ActiveCfg = Debug|Any CPU
		{9B334B9A-BEEA-4F8D-A5BE-0BA784FBE855}.Debug|Any CPU.Build.0 = Debug|Any CPU
		{9B334B9A-BEEA-4F8D-A5BE-0BA784FBE855}.Release|Any CPU.ActiveCfg = Release|Any CPU
		{9B334B9A-BEEA-4F8D-A5BE-0BA784FBE855}.Release|Any CPU.Build.0 = Release|Any CPU
		{94D86E76-3091-4F86-8036-1491925DE748}.Debug|Any CPU.ActiveCfg = Debug|Any CPU
		{94D86E76-3091-4F86-8036-1491925DE748}.Debug|Any CPU.Build.0 = Debug|Any CPU
		{94D86E76-3091-4F86-8036-1491925DE748}.Release|Any CPU.ActiveCfg = Release|Any CPU
		{94D86E76-3091-4F86-8036-1491925DE748}.Release|Any CPU.Build.0 = Release|Any CPU
	EndGlobalSection
	GlobalSection(SolutionProperties) = preSolution
		HideSolutionNode = FALSE
	EndGlobalSection
EndGlobal
